
Microsoft Visual Studio Solution File, Format Version 12.00
# Visual Studio Version 17
VisualStudioVersion = 17.1.32407.343
MinimumVisualStudioVersion = 10.0.40219.1
Project("{FAE04EC0-301F-11D3-BF4B-00C04F79EFBC}") = "Clothing Designer", "Clothing Designer\Clothing Designer.csproj", "{22AFF313-DD9E-4054-8544-73115672CB7B}"
EndProject
Global
	GlobalSection(SolutionConfigurationPlatforms) = preSolution
		Debug|Any CPU = Debug|Any CPU
		Release|Any CPU = Release|Any CPU
	EndGlobalSection
	GlobalSection(ProjectConfigurationPlatforms) = postSolution
		{22AFF313-DD9E-4054-8544-73115672CB7B}.Debug|Any CPU.ActiveCfg = Debug|Any CPU
		{22AFF313-DD9E-4054-8544-73115672CB7B}.Debug|Any CPU.Build.0 = Debug|Any CPU
		{22AFF313-DD9E-4054-8544-73115672CB7B}.Release|Any CPU.ActiveCfg = Release|Any CPU
		{22AFF313-DD9E-4054-8544-73115672CB7B}.Release|Any CPU.Build.0 = Release|Any CPU
	EndGlobalSection
	GlobalSection(SolutionProperties) = preSolution
		HideSolutionNode = FALSE
	EndGlobalSection
	GlobalSection(ExtensibilityGlobals) = postSolution
		SolutionGuid = {D8605B07-DD18-407C-82CA-6A818ADC5D0E}
	EndGlobalSection
EndGlobal
